Microsoft Visual Studio Solution File, Format Version 12.00
# Visual Studio Version 17
VisualStudioVersion = 17.5.2.0
MinimumVisualStudioVersion = 10.0.40219.1
Project("{FAE04EC0-301F-11D3-BF4B-00C04F79EFBC}") = "LagerAPI", "LagerAPI.csproj", "{4ACB1B19-EA57-626A-B467-1B4603765A08}"
EndProject
Global
	GlobalSection(SolutionConfigurationPlatforms) = preSolution
		Debug|Any CPU = Debug|Any CPU
		Release|Any CPU = Release|Any CPU
	EndGlobalSection
	GlobalSection(ProjectConfigurationPlatforms) = postSolution
		{4ACB1B19-EA57-626A-B467-1B4603765A08}.Debug|Any CPU.ActiveCfg = Debug|Any CPU
		{4ACB1B19-EA57-626A-B467-1B4603765A08}.Debug|Any CPU.Build.0 = Debug|Any CPU
		{4ACB1B19-EA57-626A-B467-1B4603765A08}.Release|Any CPU.ActiveCfg = Release|Any CPU
		{4ACB1B19-EA57-626A-B467-1B4603765A08}.Release|Any CPU.Build.0 = Release|Any CPU
	EndGlobalSection
	GlobalSection(SolutionProperties) = preSolution
		HideSolutionNode = FALSE
	EndGlobalSection
	GlobalSection(ExtensibilityGlobals) = postSolution
		SolutionGuid = {FD997CF5-14D7-41B7-B82E-7B8CD08DD837}
	EndGlobalSection
EndGlobal
